{
    "_readme": [
        "This file locks the dependencies of your project to a known state",
        "Read more about it at https://getcomposer.org/doc/01-basic-usage.md#installing-dependencies",
        "This file is @generated automatically"
    ],
    "content-hash": "a1944123cc78cfa393e9287033e36581",
    "packages": [
        {
            "name": "plugin-master/db",
            "version": "v1.0.5",
            "source": {
                "type": "git",
                "url": "https://github.com/emrancu/PluginMaster-DB.git",
                "reference": "d410e3ebd73ca9dea6bc835d5120fe443d8f52a9"
            },
            "dist": {
                "type": "zip",
                "url": "https://api.github.com/repos/emrancu/PluginMaster-DB/zipball/d410e3ebd73ca9dea6bc835d5120fe443d8f52a9",
                "reference": "d410e3ebd73ca9dea6bc835d5120fe443d8f52a9",
                "shasum": ""
            },
            "require": {
                "php": ">=7.0.0"
            },
            "type": "library",
            "autoload": {
                "classmap": [],
                "psr-4": {
                    "PluginMaster\\DB\\": "src/"
                }
            },
            "notification-url": "https://packagist.org/downloads/",
            "license": [
                "MIT"
            ],
            "authors": [
                {
                    "name": "AL EMRAN",
                    "email": "emrancu1@gmail.com"
                }
            ],
            "description": "The query builder for WordPress",
            "homepage": "https://github.com/emrancu/PluginMaster-DB",
            "keywords": [
                "PluginMaster Query Builder",
                "Query builder for WordPress",
                "WordPress Plugin Development framework",
                "WordPress Query Builder",
                "query builder"
            ],
            "time": "2020-04-16T06:49:03+00:00"
        },
        {
            "name": "plugin-master/enqueue",
            "version": "v1.0.0",
            "source": {
                "type": "git",
                "url": "https://github.com/emrancu/PluginMaster-Enqueue.git",
                "reference": "981dfc7437c6047ec2abae3b768150441432494f"
            },
            "dist": {
                "type": "zip",
                "url": "https://api.github.com/repos/emrancu/PluginMaster-Enqueue/zipball/981dfc7437c6047ec2abae3b768150441432494f",
                "reference": "981dfc7437c6047ec2abae3b768150441432494f",
                "shasum": ""
            },
            "require": {
                "php": ">=7.0.0"
            },
            "type": "library",
            "autoload": {
                "classmap": [],
                "psr-4": {
                    "PluginMaster\\Enqueue\\": "src/"
                }
            },
            "notification-url": "https://packagist.org/downloads/",
            "license": [
                "MIT"
            ],
            "authors": [
                {
                    "name": "AL EMRAN",
                    "email": "emrancu1@gmail.com"
                }
            ],
            "description": "The PluginMaster Enqueue Registerer for WordPress.",
            "homepage": "https://github.com/emrancu/PluginMaster-Enqueue",
            "keywords": [
                "WP Enqueue Registerer",
                "WordPress Plugin Development framework",
                "routing"
            ],
            "time": "2020-04-07T03:53:50+00:00"
        },
        {
            "name": "plugin-master/request",
            "version": "v1.0.1",
            "source": {
                "type": "git",
                "url": "https://github.com/emrancu/PluginMaster-Request.git",
                "reference": "76a3067e4d27dd71b0d34dc9bafeb51d17b0a552"
            },
            "dist": {
                "type": "zip",
                "url": "https://api.github.com/repos/emrancu/PluginMaster-Request/zipball/76a3067e4d27dd71b0d34dc9bafeb51d17b0a552",
                "reference": "76a3067e4d27dd71b0d34dc9bafeb51d17b0a552",
                "shasum": ""
            },
            "require": {
                "php": ">=7.0.0"
            },
            "type": "library",
            "autoload": {
                "classmap": [],
                "psr-4": {
                    "PluginMaster\\Request\\": "src/"
                }
            },
            "notification-url": "https://packagist.org/downloads/",
            "license": [
                "MIT"
            ],
            "authors": [
                {
                    "name": "AL EMRAN",
                    "email": "emrancu1@gmail.com"
                }
            ],
            "description": "The RequestHandler for PHP.",
            "homepage": "https://github.com/emrancu/PluginMaster-Request",
            "keywords": [
                "PluginMaster Request Handler",
                "WordPress Plugin Development framework",
                "request",
                "request handler"
            ],
            "time": "2020-04-11T03:29:45+00:00"
        },
        {
            "name": "plugin-master/routing",
            "version": "v1.0.1",
            "source": {
                "type": "git",
                "url": "https://github.com/emrancu/PluginMaster-Routing.git",
                "reference": "04c1ed0ff1f4aec6969e260c18c3e03f7c29aadd"
            },
            "dist": {
                "type": "zip",
                "url": "https://api.github.com/repos/emrancu/PluginMaster-Routing/zipball/04c1ed0ff1f4aec6969e260c18c3e03f7c29aadd",
                "reference": "04c1ed0ff1f4aec6969e260c18c3e03f7c29aadd",
                "shasum": ""
            },
            "require": {
                "php": ">=7.0.0"
            },
            "type": "library",
            "autoload": {
                "classmap": [],
                "psr-4": {
                    "PluginMaster\\Routing\\": "src/"
                }
            },
            "notification-url": "https://packagist.org/downloads/",
            "license": [
                "MIT"
            ],
            "authors": [
                {
                    "name": "AL EMRAN",
                    "email": "emrancu1@gmail.com"
                }
            ],
            "description": "The PluginMaster Rest Routing Wrapper for WordPress.",
            "homepage": "https://github.com/emrancu/PluginMaster-Routing",
            "keywords": [
                "WP Rest Routing Wrapper",
                "WordPress Plugin Development framework",
                "routing"
            ],
            "time": "2020-04-06T05:11:48+00:00"
        },
        {
            "name": "plugin-master/schema",
            "version": "v1.0.1",
            "source": {
                "type": "git",
                "url": "https://github.com/emrancu/PluginMaster-Schema.git",
                "reference": "f99200be41850dd2cf577073ba31b9c4388be45f"
            },
            "dist": {
                "type": "zip",
                "url": "https://api.github.com/repos/emrancu/PluginMaster-Schema/zipball/f99200be41850dd2cf577073ba31b9c4388be45f",
                "reference": "f99200be41850dd2cf577073ba31b9c4388be45f",
                "shasum": ""
            },
            "require": {
                "php": ">=7.0.0"
            },
            "type": "library",
            "autoload": {
                "classmap": [],
                "psr-4": {
                    "PluginMaster\\Schema\\": "src/"
                }
            },
            "notification-url": "https://packagist.org/downloads/",
            "license": [
                "MIT"
            ],
            "authors": [
                {
                    "name": "AL EMRAN",
                    "email": "emrancu1@gmail.com"
                }
            ],
            "description": "Schema Builder for PHP",
            "homepage": "https://github.com/emrancu/PluginMaster-Schema",
            "keywords": [
                "PluginMaster Schema Builder Validator",
                "Schema Builder for PHP",
                "Schema Builder for WordPress",
                "WordPress Plugin Development framework",
                "schema builder"
            ],
            "time": "2020-04-19T15:25:12+00:00"
        },
        {
            "name": "plugin-master/sidemenu",
            "version": "v1.0.3",
            "source": {
                "type": "git",
                "url": "https://github.com/emrancu/PluginMaster-SideMenu.git",
                "reference": "5058d43b5b705136b4ede96ee924b3d81e20636d"
            },
            "dist": {
                "type": "zip",
                "url": "https://api.github.com/repos/emrancu/PluginMaster-SideMenu/zipball/5058d43b5b705136b4ede96ee924b3d81e20636d",
                "reference": "5058d43b5b705136b4ede96ee924b3d81e20636d",
                "shasum": ""
            },
            "require": {
                "php": ">=7.0.0"
            },
            "type": "library",
            "autoload": {
                "classmap": [],
                "psr-4": {
                    "PluginMaster\\SideMenu\\": "src/"
                }
            },
            "notification-url": "https://packagist.org/downloads/",
            "license": [
                "MIT"
            ],
            "authors": [
                {
                    "name": "AL EMRAN",
                    "email": "emrancu1@gmail.com"
                }
            ],
            "description": "The PluginMaster SideMenu Registerer for WordPress.",
            "homepage": "https://github.com/emrancu/PluginMaster-SideMenu",
            "keywords": [
                "WP SideMenu Registerer",
                "WordPress Plugin Development framework",
                "routing"
            ],
            "time": "2020-04-06T13:08:31+00:00"
        },
        {
            "name": "plugin-master/validator",
            "version": "v1.0.3",
            "source": {
                "type": "git",
                "url": "https://github.com/emrancu/PluginMaster-Validator.git",
                "reference": "205c76815f993684756b1de8007dae7848bcd002"
            },
            "dist": {
                "type": "zip",
                "url": "https://api.github.com/repos/emrancu/PluginMaster-Validator/zipball/205c76815f993684756b1de8007dae7848bcd002",
                "reference": "205c76815f993684756b1de8007dae7848bcd002",
                "shasum": ""
            },
            "require": {
                "php": ">=7.0.0"
            },
            "type": "library",
            "autoload": {
                "classmap": [],
                "psr-4": {
                    "PluginMaster\\Validator\\": "src/"
                }
            },
            "notification-url": "https://packagist.org/downloads/",
            "license": [
                "MIT"
            ],
            "authors": [
                {
                    "name": "AL EMRAN",
                    "email": "emrancu1@gmail.com"
                }
            ],
            "description": "The query builder for WordPress",
            "homepage": "https://github.com/emrancu/PluginMaster-Validator",
            "keywords": [
                "Http Request validator",
                "PluginMaster Request Validator",
                "Request Validator for WordPress",
                "WordPress Plugin Development framework",
                "WordPress Request Validator"
            ],
            "time": "2020-04-12T01:20:31+00:00"
        }
    ],
    "packages-dev": [],
    "aliases": [],
    "minimum-stability": "dev",
    "stability-flags": [],
    "prefer-stable": true,
    "prefer-lowest": false,
    "platform": [],
    "platform-dev": []
}
